
Microsoft Visual Studio Solution File, Format Version 12.00
# Visual Studio Version 16
VisualStudioVersion = 16.0.30804.86
MinimumVisualStudioVersion = 10.0.40219.1
Project("{FAE04EC0-301F-11D3-BF4B-00C04F79EFBC}") = "lw_2", "lw_2\lw_2.csproj", "{EE66060D-6724-43E3-A609-6EF4FCE5437D}"
EndProject
Global
	GlobalSection(SolutionConfigurationPlatforms) = preSolution
		Debug|Any CPU = Debug|Any CPU
		Release|Any CPU = Release|Any CPU
	EndGlobalSection
	GlobalSection(ProjectConfigurationPlatforms) = postSolution
		{EE66060D-6724-43E3-A609-6EF4FCE5437D}.Debug|Any CPU.ActiveCfg = Debug|Any CPU
		{EE66060D-6724-43E3-A609-6EF4FCE5437D}.Debug|Any CPU.Build.0 = Debug|Any CPU
		{EE66060D-6724-43E3-A609-6EF4FCE5437D}.Release|Any CPU.ActiveCfg = Release|Any CPU
		{EE66060D-6724-43E3-A609-6EF4FCE5437D}.Release|Any CPU.Build.0 = Release|Any CPU
	EndGlobalSection
	GlobalSection(SolutionProperties) = preSolution
		HideSolutionNode = FALSE
	EndGlobalSection
	GlobalSection(ExtensibilityGlobals) = postSolution
		SolutionGuid = {8AF4D5BD-0EDF-486E-ABB0-4DB66A73F62C}
	EndGlobalSection
EndGlobal
